
Microsoft Visual Studio Solution File, Format Version 12.00
# Visual Studio Version 17
VisualStudioVersion = 17.5.002.0
MinimumVisualStudioVersion = 10.0.40219.1
Project("{9A19103F-16F7-4668-BE54-9A1E7A4F7556}") = "Bibliotec", "Bibliotec.csproj", "{01C524CC-54B4-47B2-9278-F1307A8F26B6}"
EndProject
Global
	GlobalSection(SolutionConfigurationPlatforms) = preSolution
		Debug|Any CPU = Debug|Any CPU
		Release|Any CPU = Release|Any CPU
	EndGlobalSection
	GlobalSection(ProjectConfigurationPlatforms) = postSolution
		{01C524CC-54B4-47B2-9278-F1307A8F26B6}.Debug|Any CPU.ActiveCfg = Debug|Any CPU
		{01C524CC-54B4-47B2-9278-F1307A8F26B6}.Debug|Any CPU.Build.0 = Debug|Any CPU
		{01C524CC-54B4-47B2-9278-F1307A8F26B6}.Release|Any CPU.ActiveCfg = Release|Any CPU
		{01C524CC-54B4-47B2-9278-F1307A8F26B6}.Release|Any CPU.Build.0 = Release|Any CPU
	EndGlobalSection
	GlobalSection(SolutionProperties) = preSolution
		HideSolutionNode = FALSE
	EndGlobalSection
	GlobalSection(ExtensibilityGlobals) = postSolution
		SolutionGuid = {C7CBC90A-3553-4CBA-B530-E3AF5B1DE538}
	EndGlobalSection
EndGlobal
